
Microsoft Visual Studio Solution File, Format Version 12.00
Project("{FAE04EC0-301F-11D3-BF4B-00C04F79EFBC}") = "Model", "Model\Model.csproj", "{80201CF4-49B9-4F10-9E38-9919D57D278F}"
EndProject
Global
	GlobalSection(SolutionConfigurationPlatforms) = preSolution
		Debug|Any CPU = Debug|Any CPU
		Release|Any CPU = Release|Any CPU
	EndGlobalSection
	GlobalSection(ProjectConfigurationPlatforms) = postSolution
		{80201CF4-49B9-4F10-9E38-9919D57D278F}.Debug|Any CPU.ActiveCfg = Debug|Any CPU
		{80201CF4-49B9-4F10-9E38-9919D57D278F}.Debug|Any CPU.Build.0 = Debug|Any CPU
		{80201CF4-49B9-4F10-9E38-9919D57D278F}.Release|Any CPU.ActiveCfg = Release|Any CPU
		{80201CF4-49B9-4F10-9E38-9919D57D278F}.Release|Any CPU.Build.0 = Release|Any CPU
	EndGlobalSection
EndGlobal
